
Microsoft Visual Studio Solution File, Format Version 12.00
# Visual Studio Version 17
VisualStudioVersion = 17.4.33213.308
MinimumVisualStudioVersion = 10.0.40219.1
Project("{9A19103F-16F7-4668-BE54-9A1E7A4F7556}") = "01.BasicStackOperations", "01.BasicStackOperations\01.BasicStackOperations.csproj", "{0B7CCE02-0989-456B-BB0B-8A3BE01685A5}"
EndProject
Project("{9A19103F-16F7-4668-BE54-9A1E7A4F7556}") = "02.BasicQueueOperations", "02.BasicQueueOperations\02.BasicQueueOperations.csproj", "{39BEC58E-3D6F-4FF7-B8DE-FCC7479D01FE}"
EndProject
Project("{9A19103F-16F7-4668-BE54-9A1E7A4F7556}") = "03.MaximumandMinimumElement", "03.MaximumandMinimumElement\03.MaximumandMinimumElement.csproj", "{FE77F920-304E-4FC1-AFAF-91C5D2FAD61A}"
EndProject
Project("{9A19103F-16F7-4668-BE54-9A1E7A4F7556}") = "04.FastFood", "04.FastFood\04.FastFood.csproj", "{E5B25576-D50E-477C-A773-A7DA5C771230}"
EndProject
Project("{9A19103F-16F7-4668-BE54-9A1E7A4F7556}") = "05.FashionBoutique", "05.FashionBoutique\05.FashionBoutique.csproj", "{DA8A5D3F-66B1-4759-8EB4-7A65F74ED7C8}"
EndProject
Project("{9A19103F-16F7-4668-BE54-9A1E7A4F7556}") = "06.SongsQueue", "06.SongsQueue\06.SongsQueue.csproj", "{E7CA5A82-27C0-4371-8988-B7A3A9975999}"
EndProject
Project("{9A19103F-16F7-4668-BE54-9A1E7A4F7556}") = "07.TruckTour", "07.TruckTour\07.TruckTour.csproj", "{B513DC00-537D-420D-9F27-22F5F3773CA0}"
EndProject
Project("{9A19103F-16F7-4668-BE54-9A1E7A4F7556}") = "08.BalancedParenthesis", "08.BalancedParenthesis\08.BalancedParenthesis.csproj", "{C9D454D0-E026-4DE0-826B-B34A44120DC0}"
EndProject
Project("{9A19103F-16F7-4668-BE54-9A1E7A4F7556}") = "09.SimpleTextEditor", "09.SimpleTextEditor\09.SimpleTextEditor.csproj", "{100A1442-745A-45A0-A46E-1E0689E5402B}"
EndProject
Project("{9A19103F-16F7-4668-BE54-9A1E7A4F7556}") = "10.Crossroads", "10.Crossroads\10.Crossroads.csproj", "{0D812B84-ADC3-4C07-8683-A8080E191A2E}"
EndProject
Project("{FAE04EC0-301F-11D3-BF4B-00C04F79EFBC}") = "11.KeyRevolver", "11.KeyRevolver\11.KeyRevolver.csproj", "{4F78E270-B5B5-4DD9-9798-BB0EA966489B}"
EndProject
Project("{FAE04EC0-301F-11D3-BF4B-00C04F79EFBC}") = "12.CupsandBottles", "12.CupsandBottles\12.CupsandBottles.csproj", "{1A13C4F6-7C01-44A8-9293-1FEE287585BE}"
EndProject
Global
	GlobalSection(SolutionConfigurationPlatforms) = preSolution
		Debug|Any CPU = Debug|Any CPU
		Release|Any CPU = Release|Any CPU
	EndGlobalSection
	GlobalSection(ProjectConfigurationPlatforms) = postSolution
		{0B7CCE02-0989-456B-BB0B-8A3BE01685A5}.Debug|Any CPU.ActiveCfg = Debug|Any CPU
		{0B7CCE02-0989-456B-BB0B-8A3BE01685A5}.Debug|Any CPU.Build.0 = Debug|Any CPU
		{0B7CCE02-0989-456B-BB0B-8A3BE01685A5}.Release|Any CPU.ActiveCfg = Release|Any CPU
		{0B7CCE02-0989-456B-BB0B-8A3BE01685A5}.Release|Any CPU.Build.0 = Release|Any CPU
		{39BEC58E-3D6F-4FF7-B8DE-FCC7479D01FE}.Debug|Any CPU.ActiveCfg = Debug|Any CPU
		{39BEC58E-3D6F-4FF7-B8DE-FCC7479D01FE}.Debug|Any CPU.Build.0 = Debug|Any CPU
		{39BEC58E-3D6F-4FF7-B8DE-FCC7479D01FE}.Release|Any CPU.ActiveCfg = Release|Any CPU
		{39BEC58E-3D6F-4FF7-B8DE-FCC7479D01FE}.Release|Any CPU.Build.0 = Release|Any CPU
		{FE77F920-304E-4FC1-AFAF-91C5D2FAD61A}.Debug|Any CPU.ActiveCfg = Debug|Any CPU
		{FE77F920-304E-4FC1-AFAF-91C5D2FAD61A}.Debug|Any CPU.Build.0 = Debug|Any CPU
		{FE77F920-304E-4FC1-AFAF-91C5D2FAD61A}.Release|Any CPU.ActiveCfg = Release|Any CPU
		{FE77F920-304E-4FC1-AFAF-91C5D2FAD61A}.Release|Any CPU.Build.0 = Release|Any CPU
		{E5B25576-D50E-477C-A773-A7DA5C771230}.Debug|Any CPU.ActiveCfg = Debug|Any CPU
		{E5B25576-D50E-477C-A773-A7DA5C771230}.Debug|Any CPU.Build.0 = Debug|Any CPU
		{E5B25576-D50E-477C-A773-A7DA5C771230}.Release|Any CPU.ActiveCfg = Release|Any CPU
		{E5B25576-D50E-477C-A773-A7DA5C771230}.Release|Any CPU.Build.0 = Release|Any CPU
		{DA8A5D3F-66B1-4759-8EB4-7A65F74ED7C8}.Debug|Any CPU.ActiveCfg = Debug|Any CPU
		{DA8A5D3F-66B1-4759-8EB4-7A65F74ED7C8}.Debug|Any CPU.Build.0 = Debug|Any CPU
		{DA8A5D3F-66B1-4759-8EB4-7A65F74ED7C8}.Release|Any CPU.ActiveCfg = Release|Any CPU
		{DA8A5D3F-66B1-4759-8EB4-7A65F74ED7C8}.Release|Any CPU.Build.0 = Release|Any CPU
		{E7CA5A82-27C0-4371-8988-B7A3A9975999}.Debug|Any CPU.ActiveCfg = Debug|Any CPU
		{E7CA5A82-27C0-4371-8988-B7A3A9975999}.Debug|Any CPU.Build.0 = Debug|Any CPU
		{E7CA5A82-27C0-4371-8988-B7A3A9975999}.Release|Any CPU.ActiveCfg = Release|Any CPU
		{E7CA5A82-27C0-4371-8988-B7A3A9975999}.Release|Any CPU.Build.0 = Release|Any CPU
		{B513DC00-537D-420D-9F27-22F5F3773CA0}.Debug|Any CPU.ActiveCfg = Debug|Any CPU
		{B513DC00-537D-420D-9F27-22F5F3773CA0}.Debug|Any CPU.Build.0 = Debug|Any CPU
		{B513DC00-537D-420D-9F27-22F5F3773CA0}.Release|Any CPU.ActiveCfg = Release|Any CPU
		{B513DC00-537D-420D-9F27-22F5F3773CA0}.Release|Any CPU.Build.0 = Release|Any CPU
		{C9D454D0-E026-4DE0-826B-B34A44120DC0}.Debug|Any CPU.ActiveCfg = Debug|Any CPU
		{C9D454D0-E026-4DE0-826B-B34A44120DC0}.Debug|Any CPU.Build.0 = Debug|Any CPU
		{C9D454D0-E026-4DE0-826B-B34A44120DC0}.Release|Any CPU.ActiveCfg = Release|Any CPU
		{C9D454D0-E026-4DE0-826B-B34A44120DC0}.Release|Any CPU.Build.0 = Release|Any CPU
		{100A1442-745A-45A0-A46E-1E0689E5402B}.Debug|Any CPU.ActiveCfg = Debug|Any CPU
		{100A1442-745A-45A0-A46E-1E0689E5402B}.Debug|Any CPU.Build.0 = Debug|Any CPU
		{100A1442-745A-45A0-A46E-1E0689E5402B}.Release|Any CPU.ActiveCfg = Release|Any CPU
		{100A1442-745A-45A0-A46E-1E0689E5402B}.Release|Any CPU.Build.0 = Release|Any CPU
		{0D812B84-ADC3-4C07-8683-A8080E191A2E}.Debug|Any CPU.ActiveCfg = Debug|Any CPU
		{0D812B84-ADC3-4C07-8683-A8080E191A2E}.Debug|Any CPU.Build.0 = Debug|Any CPU
		{0D812B84-ADC3-4C07-8683-A8080E191A2E}.Release|Any CPU.ActiveCfg = Release|Any CPU
		{0D812B84-ADC3-4C07-8683-A8080E191A2E}.Release|Any CPU.Build.0 = Release|Any CPU
		{4F78E270-B5B5-4DD9-9798-BB0EA966489B}.Debug|Any CPU.ActiveCfg = Debug|Any CPU
		{4F78E270-B5B5-4DD9-9798-BB0EA966489B}.Debug|Any CPU.Build.0 = Debug|Any CPU
		{4F78E270-B5B5-4DD9-9798-BB0EA966489B}.Release|Any CPU.ActiveCfg = Release|Any CPU
		{4F78E270-B5B5-4DD9-9798-BB0EA966489B}.Release|Any CPU.Build.0 = Release|Any CPU
		{1A13C4F6-7C01-44A8-9293-1FEE287585BE}.Debug|Any CPU.ActiveCfg = Debug|Any CPU
		{1A13C4F6-7C01-44A8-9293-1FEE287585BE}.Debug|Any CPU.Build.0 = Debug|Any CPU
		{1A13C4F6-7C01-44A8-9293-1FEE287585BE}.Release|Any CPU.ActiveCfg = Release|Any CPU
		{1A13C4F6-7C01-44A8-9293-1FEE287585BE}.Release|Any CPU.Build.0 = Release|Any CPU
	EndGlobalSection
	GlobalSection(SolutionProperties) = preSolution
		HideSolutionNode = FALSE
	EndGlobalSection
	GlobalSection(ExtensibilityGlobals) = postSolution
		SolutionGuid = {F933407E-9E14-4295-91FA-AF37237FA3EC}
	EndGlobalSection
EndGlobal
