
Microsoft Visual Studio Solution File, Format Version 12.00
# Visual Studio Version 17
VisualStudioVersion = 17.4.33213.308
MinimumVisualStudioVersion = 10.0.40219.1
Project("{FAE04EC0-301F-11D3-BF4B-00C04F79EFBC}") = "01.ReverseStrings", "01.ReverseStrings\01.ReverseStrings.csproj", "{B05C7262-D4E1-445D-B8B5-0B470F654098}"
EndProject
Project("{FAE04EC0-301F-11D3-BF4B-00C04F79EFBC}") = "02.RepeatStrings", "02.RepeatStrings\02.RepeatStrings.csproj", "{0EA01C7E-62AC-4B2B-AF50-8A51CEEF7CE8}"
EndProject
Project("{FAE04EC0-301F-11D3-BF4B-00C04F79EFBC}") = "03.Substring", "03.Substring\03.Substring.csproj", "{D81093D3-094D-4001-A66B-C56EF83C93D0}"
EndProject
Project("{FAE04EC0-301F-11D3-BF4B-00C04F79EFBC}") = "4.TextFilter", "4.TextFilter\4.TextFilter.csproj", "{6E6B2B95-6988-48CF-BD6A-E0FED2B54249}"
EndProject
Project("{FAE04EC0-301F-11D3-BF4B-00C04F79EFBC}") = "5.Digits,LettersandOthers", "5.Digits,LettersandOthers\5.Digits,LettersandOthers.csproj", "{7B7E8EA5-B961-4EA9-8480-B5B4A9DE6AEE}"
EndProject
Global
	GlobalSection(SolutionConfigurationPlatforms) = preSolution
		Debug|Any CPU = Debug|Any CPU
		Release|Any CPU = Release|Any CPU
	EndGlobalSection
	GlobalSection(ProjectConfigurationPlatforms) = postSolution
		{B05C7262-D4E1-445D-B8B5-0B470F654098}.Debug|Any CPU.ActiveCfg = Debug|Any CPU
		{B05C7262-D4E1-445D-B8B5-0B470F654098}.Debug|Any CPU.Build.0 = Debug|Any CPU
		{B05C7262-D4E1-445D-B8B5-0B470F654098}.Release|Any CPU.ActiveCfg = Release|Any CPU
		{B05C7262-D4E1-445D-B8B5-0B470F654098}.Release|Any CPU.Build.0 = Release|Any CPU
		{0EA01C7E-62AC-4B2B-AF50-8A51CEEF7CE8}.Debug|Any CPU.ActiveCfg = Debug|Any CPU
		{0EA01C7E-62AC-4B2B-AF50-8A51CEEF7CE8}.Debug|Any CPU.Build.0 = Debug|Any CPU
		{0EA01C7E-62AC-4B2B-AF50-8A51CEEF7CE8}.Release|Any CPU.ActiveCfg = Release|Any CPU
		{0EA01C7E-62AC-4B2B-AF50-8A51CEEF7CE8}.Release|Any CPU.Build.0 = Release|Any CPU
		{D81093D3-094D-4001-A66B-C56EF83C93D0}.Debug|Any CPU.ActiveCfg = Debug|Any CPU
		{D81093D3-094D-4001-A66B-C56EF83C93D0}.Debug|Any CPU.Build.0 = Debug|Any CPU
		{D81093D3-094D-4001-A66B-C56EF83C93D0}.Release|Any CPU.ActiveCfg = Release|Any CPU
		{D81093D3-094D-4001-A66B-C56EF83C93D0}.Release|Any CPU.Build.0 = Release|Any CPU
		{6E6B2B95-6988-48CF-BD6A-E0FED2B54249}.Debug|Any CPU.ActiveCfg = Debug|Any CPU
		{6E6B2B95-6988-48CF-BD6A-E0FED2B54249}.Debug|Any CPU.Build.0 = Debug|Any CPU
		{6E6B2B95-6988-48CF-BD6A-E0FED2B54249}.Release|Any CPU.ActiveCfg = Release|Any CPU
		{6E6B2B95-6988-48CF-BD6A-E0FED2B54249}.Release|Any CPU.Build.0 = Release|Any CPU
		{7B7E8EA5-B961-4EA9-8480-B5B4A9DE6AEE}.Debug|Any CPU.ActiveCfg = Debug|Any CPU
		{7B7E8EA5-B961-4EA9-8480-B5B4A9DE6AEE}.Debug|Any CPU.Build.0 = Debug|Any CPU
		{7B7E8EA5-B961-4EA9-8480-B5B4A9DE6AEE}.Release|Any CPU.ActiveCfg = Release|Any CPU
		{7B7E8EA5-B961-4EA9-8480-B5B4A9DE6AEE}.Release|Any CPU.Build.0 = Release|Any CPU
	EndGlobalSection
	GlobalSection(SolutionProperties) = preSolution
		HideSolutionNode = FALSE
	EndGlobalSection
	GlobalSection(ExtensibilityGlobals) = postSolution
		SolutionGuid = {B21BAF51-9036-4275-81D3-0D69DBF8089C}
	EndGlobalSection
EndGlobal
