
Microsoft Visual Studio Solution File, Format Version 12.00
# Visual Studio Version 17
VisualStudioVersion = 17.4.33213.308
MinimumVisualStudioVersion = 10.0.40219.1
Project("{9A19103F-16F7-4668-BE54-9A1E7A4F7556}") = "01.AdvertisementMessage", "01.AdvertisementMessage\01.AdvertisementMessage.csproj", "{64A1D566-4D5F-43DB-A0F7-E1F71A415D08}"
EndProject
Project("{9A19103F-16F7-4668-BE54-9A1E7A4F7556}") = "02.Articles", "02.Articles\02.Articles.csproj", "{B1739FDB-FEB2-4AB4-A30C-3908B14241FB}"
EndProject
Project("{9A19103F-16F7-4668-BE54-9A1E7A4F7556}") = "03.Articles2.0", "03.Articles2.0\03.Articles2.0.csproj", "{8AFCDB93-975D-47AE-B9DE-17E3E3947B46}"
EndProject
Project("{9A19103F-16F7-4668-BE54-9A1E7A4F7556}") = "04.Students", "04.Students\04.Students.csproj", "{38F45E94-D2FE-4B3A-8BB2-979E39D32C47}"
EndProject
Project("{9A19103F-16F7-4668-BE54-9A1E7A4F7556}") = "05.TeamworkProjects", "05.TeamworkProjects\05.TeamworkProjects.csproj", "{CCBF19B2-ED2F-4948-B8CE-A98607A2A07F}"
EndProject
Project("{9A19103F-16F7-4668-BE54-9A1E7A4F7556}") = "05.TeamWorkProject", "05.TeamWorkProject\05.TeamWorkProject.csproj", "{5F1E1C6D-9A32-49F6-A7E9-04419BD9E4DF}"
EndProject
Project("{FAE04EC0-301F-11D3-BF4B-00C04F79EFBC}") = "06.VehicleCatalogue", "06.VehicleCatalogue\06.VehicleCatalogue.csproj", "{469029AA-A1C0-4D79-ABD2-E1B0EA11E990}"
EndProject
Project("{FAE04EC0-301F-11D3-BF4B-00C04F79EFBC}") = "07.OrderbyAge", "07.OrderbyAge\07.OrderbyAge.csproj", "{EA46F8C5-E6BE-4120-86F7-27F1745CD6CE}"
EndProject
Global
	GlobalSection(SolutionConfigurationPlatforms) = preSolution
		Debug|Any CPU = Debug|Any CPU
		Release|Any CPU = Release|Any CPU
	EndGlobalSection
	GlobalSection(ProjectConfigurationPlatforms) = postSolution
		{64A1D566-4D5F-43DB-A0F7-E1F71A415D08}.Debug|Any CPU.ActiveCfg = Debug|Any CPU
		{64A1D566-4D5F-43DB-A0F7-E1F71A415D08}.Debug|Any CPU.Build.0 = Debug|Any CPU
		{64A1D566-4D5F-43DB-A0F7-E1F71A415D08}.Release|Any CPU.ActiveCfg = Release|Any CPU
		{64A1D566-4D5F-43DB-A0F7-E1F71A415D08}.Release|Any CPU.Build.0 = Release|Any CPU
		{B1739FDB-FEB2-4AB4-A30C-3908B14241FB}.Debug|Any CPU.ActiveCfg = Debug|Any CPU
		{B1739FDB-FEB2-4AB4-A30C-3908B14241FB}.Debug|Any CPU.Build.0 = Debug|Any CPU
		{B1739FDB-FEB2-4AB4-A30C-3908B14241FB}.Release|Any CPU.ActiveCfg = Release|Any CPU
		{B1739FDB-FEB2-4AB4-A30C-3908B14241FB}.Release|Any CPU.Build.0 = Release|Any CPU
		{8AFCDB93-975D-47AE-B9DE-17E3E3947B46}.Debug|Any CPU.ActiveCfg = Debug|Any CPU
		{8AFCDB93-975D-47AE-B9DE-17E3E3947B46}.Debug|Any CPU.Build.0 = Debug|Any CPU
		{8AFCDB93-975D-47AE-B9DE-17E3E3947B46}.Release|Any CPU.ActiveCfg = Release|Any CPU
		{8AFCDB93-975D-47AE-B9DE-17E3E3947B46}.Release|Any CPU.Build.0 = Release|Any CPU
		{38F45E94-D2FE-4B3A-8BB2-979E39D32C47}.Debug|Any CPU.ActiveCfg = Debug|Any CPU
		{38F45E94-D2FE-4B3A-8BB2-979E39D32C47}.Debug|Any CPU.Build.0 = Debug|Any CPU
		{38F45E94-D2FE-4B3A-8BB2-979E39D32C47}.Release|Any CPU.ActiveCfg = Release|Any CPU
		{38F45E94-D2FE-4B3A-8BB2-979E39D32C47}.Release|Any CPU.Build.0 = Release|Any CPU
		{CCBF19B2-ED2F-4948-B8CE-A98607A2A07F}.Debug|Any CPU.ActiveCfg = Debug|Any CPU
		{CCBF19B2-ED2F-4948-B8CE-A98607A2A07F}.Debug|Any CPU.Build.0 = Debug|Any CPU
		{CCBF19B2-ED2F-4948-B8CE-A98607A2A07F}.Release|Any CPU.ActiveCfg = Release|Any CPU
		{CCBF19B2-ED2F-4948-B8CE-A98607A2A07F}.Release|Any CPU.Build.0 = Release|Any CPU
		{5F1E1C6D-9A32-49F6-A7E9-04419BD9E4DF}.Debug|Any CPU.ActiveCfg = Debug|Any CPU
		{5F1E1C6D-9A32-49F6-A7E9-04419BD9E4DF}.Debug|Any CPU.Build.0 = Debug|Any CPU
		{5F1E1C6D-9A32-49F6-A7E9-04419BD9E4DF}.Release|Any CPU.ActiveCfg = Release|Any CPU
		{5F1E1C6D-9A32-49F6-A7E9-04419BD9E4DF}.Release|Any CPU.Build.0 = Release|Any CPU
		{469029AA-A1C0-4D79-ABD2-E1B0EA11E990}.Debug|Any CPU.ActiveCfg = Debug|Any CPU
		{469029AA-A1C0-4D79-ABD2-E1B0EA11E990}.Debug|Any CPU.Build.0 = Debug|Any CPU
		{469029AA-A1C0-4D79-ABD2-E1B0EA11E990}.Release|Any CPU.ActiveCfg = Release|Any CPU
		{469029AA-A1C0-4D79-ABD2-E1B0EA11E990}.Release|Any CPU.Build.0 = Release|Any CPU
		{EA46F8C5-E6BE-4120-86F7-27F1745CD6CE}.Debug|Any CPU.ActiveCfg = Debug|Any CPU
		{EA46F8C5-E6BE-4120-86F7-27F1745CD6CE}.Debug|Any CPU.Build.0 = Debug|Any CPU
		{EA46F8C5-E6BE-4120-86F7-27F1745CD6CE}.Release|Any CPU.ActiveCfg = Release|Any CPU
		{EA46F8C5-E6BE-4120-86F7-27F1745CD6CE}.Release|Any CPU.Build.0 = Release|Any CPU
	EndGlobalSection
	GlobalSection(SolutionProperties) = preSolution
		HideSolutionNode = FALSE
	EndGlobalSection
	GlobalSection(ExtensibilityGlobals) = postSolution
		SolutionGuid = {85164D80-58E6-4540-933D-9504665D4FD8}
	EndGlobalSection
EndGlobal
