
Microsoft Visual Studio Solution File, Format Version 12.00
# Visual Studio Version 17
VisualStudioVersion = 17.4.33213.308
MinimumVisualStudioVersion = 10.0.40219.1
Project("{FAE04EC0-301F-11D3-BF4B-00C04F79EFBC}") = "01GenericBoxofString", "01GenericBoxofString\01GenericBoxofString.csproj", "{9E58EC59-2E61-4620-8A14-0D3D4F6B2067}"
EndProject
Global
	GlobalSection(SolutionConfigurationPlatforms) = preSolution
		Debug|Any CPU = Debug|Any CPU
		Release|Any CPU = Release|Any CPU
	EndGlobalSection
	GlobalSection(ProjectConfigurationPlatforms) = postSolution
		{9E58EC59-2E61-4620-8A14-0D3D4F6B2067}.Debug|Any CPU.ActiveCfg = Debug|Any CPU
		{9E58EC59-2E61-4620-8A14-0D3D4F6B2067}.Debug|Any CPU.Build.0 = Debug|Any CPU
		{9E58EC59-2E61-4620-8A14-0D3D4F6B2067}.Release|Any CPU.ActiveCfg = Release|Any CPU
		{9E58EC59-2E61-4620-8A14-0D3D4F6B2067}.Release|Any CPU.Build.0 = Release|Any CPU
	EndGlobalSection
	GlobalSection(SolutionProperties) = preSolution
		HideSolutionNode = FALSE
	EndGlobalSection
	GlobalSection(ExtensibilityGlobals) = postSolution
		SolutionGuid = {8025CA37-81C9-4BD8-8B26-9A98311BC1C8}
	EndGlobalSection
EndGlobal
