
Microsoft Visual Studio Solution File, Format Version 12.00
# Visual Studio Version 17
VisualStudioVersion = 17.4.33213.308
MinimumVisualStudioVersion = 10.0.40219.1
Project("{FAE04EC0-301F-11D3-BF4B-00C04F79EFBC}") = "01.OldBooks", "01.OldBooks\01.OldBooks.csproj", "{6AFE1873-A0B0-4CCD-9949-70B243E25E3E}"
EndProject
Project("{FAE04EC0-301F-11D3-BF4B-00C04F79EFBC}") = "02.ExamPreparation", "02.ExamPreparation\02.ExamPreparation.csproj", "{048800D2-7BC5-4FAA-84D8-ADAEB59FEDBC}"
EndProject
Project("{FAE04EC0-301F-11D3-BF4B-00C04F79EFBC}") = "03.Vacation", "03.Vacation\03.Vacation.csproj", "{A3041E65-01DE-4B3C-825D-B60DF3076FB7}"
EndProject
Project("{FAE04EC0-301F-11D3-BF4B-00C04F79EFBC}") = "04.Walking", "04.Walking\04.Walking.csproj", "{2FEE58F5-1B69-4988-A4B8-144C4BD2FC98}"
EndProject
Project("{FAE04EC0-301F-11D3-BF4B-00C04F79EFBC}") = "05.Coins", "05.Coins\05.Coins.csproj", "{9825E883-9294-4F41-BA40-4A332733E31B}"
EndProject
Project("{FAE04EC0-301F-11D3-BF4B-00C04F79EFBC}") = "06.Cake", "06.Cake\06.Cake.csproj", "{6000A2DA-C51B-4F08-A20F-48E9F93624B2}"
EndProject
Project("{FAE04EC0-301F-11D3-BF4B-00C04F79EFBC}") = "07.Moving", "07.Moving\07.Moving.csproj", "{C1E1D5AE-34C3-4606-B6A8-46A30EFAF72B}"
EndProject
Global
	GlobalSection(SolutionConfigurationPlatforms) = preSolution
		Debug|Any CPU = Debug|Any CPU
		Release|Any CPU = Release|Any CPU
	EndGlobalSection
	GlobalSection(ProjectConfigurationPlatforms) = postSolution
		{6AFE1873-A0B0-4CCD-9949-70B243E25E3E}.Debug|Any CPU.ActiveCfg = Debug|Any CPU
		{6AFE1873-A0B0-4CCD-9949-70B243E25E3E}.Debug|Any CPU.Build.0 = Debug|Any CPU
		{6AFE1873-A0B0-4CCD-9949-70B243E25E3E}.Release|Any CPU.ActiveCfg = Release|Any CPU
		{6AFE1873-A0B0-4CCD-9949-70B243E25E3E}.Release|Any CPU.Build.0 = Release|Any CPU
		{048800D2-7BC5-4FAA-84D8-ADAEB59FEDBC}.Debug|Any CPU.ActiveCfg = Debug|Any CPU
		{048800D2-7BC5-4FAA-84D8-ADAEB59FEDBC}.Debug|Any CPU.Build.0 = Debug|Any CPU
		{048800D2-7BC5-4FAA-84D8-ADAEB59FEDBC}.Release|Any CPU.ActiveCfg = Release|Any CPU
		{048800D2-7BC5-4FAA-84D8-ADAEB59FEDBC}.Release|Any CPU.Build.0 = Release|Any CPU
		{A3041E65-01DE-4B3C-825D-B60DF3076FB7}.Debug|Any CPU.ActiveCfg = Debug|Any CPU
		{A3041E65-01DE-4B3C-825D-B60DF3076FB7}.Debug|Any CPU.Build.0 = Debug|Any CPU
		{A3041E65-01DE-4B3C-825D-B60DF3076FB7}.Release|Any CPU.ActiveCfg = Release|Any CPU
		{A3041E65-01DE-4B3C-825D-B60DF3076FB7}.Release|Any CPU.Build.0 = Release|Any CPU
		{2FEE58F5-1B69-4988-A4B8-144C4BD2FC98}.Debug|Any CPU.ActiveCfg = Debug|Any CPU
		{2FEE58F5-1B69-4988-A4B8-144C4BD2FC98}.Debug|Any CPU.Build.0 = Debug|Any CPU
		{2FEE58F5-1B69-4988-A4B8-144C4BD2FC98}.Release|Any CPU.ActiveCfg = Release|Any CPU
		{2FEE58F5-1B69-4988-A4B8-144C4BD2FC98}.Release|Any CPU.Build.0 = Release|Any CPU
		{9825E883-9294-4F41-BA40-4A332733E31B}.Debug|Any CPU.ActiveCfg = Debug|Any CPU
		{9825E883-9294-4F41-BA40-4A332733E31B}.Debug|Any CPU.Build.0 = Debug|Any CPU
		{9825E883-9294-4F41-BA40-4A332733E31B}.Release|Any CPU.ActiveCfg = Release|Any CPU
		{9825E883-9294-4F41-BA40-4A332733E31B}.Release|Any CPU.Build.0 = Release|Any CPU
		{6000A2DA-C51B-4F08-A20F-48E9F93624B2}.Debug|Any CPU.ActiveCfg = Debug|Any CPU
		{6000A2DA-C51B-4F08-A20F-48E9F93624B2}.Debug|Any CPU.Build.0 = Debug|Any CPU
		{6000A2DA-C51B-4F08-A20F-48E9F93624B2}.Release|Any CPU.ActiveCfg = Release|Any CPU
		{6000A2DA-C51B-4F08-A20F-48E9F93624B2}.Release|Any CPU.Build.0 = Release|Any CPU
		{C1E1D5AE-34C3-4606-B6A8-46A30EFAF72B}.Debug|Any CPU.ActiveCfg = Debug|Any CPU
		{C1E1D5AE-34C3-4606-B6A8-46A30EFAF72B}.Debug|Any CPU.Build.0 = Debug|Any CPU
		{C1E1D5AE-34C3-4606-B6A8-46A30EFAF72B}.Release|Any CPU.ActiveCfg = Release|Any CPU
		{C1E1D5AE-34C3-4606-B6A8-46A30EFAF72B}.Release|Any CPU.Build.0 = Release|Any CPU
	EndGlobalSection
	GlobalSection(SolutionProperties) = preSolution
		HideSolutionNode = FALSE
	EndGlobalSection
	GlobalSection(ExtensibilityGlobals) = postSolution
		SolutionGuid = {93F40E2D-A708-4AD2-8DA2-42E8BE009C85}
	EndGlobalSection
EndGlobal
