
Microsoft Visual Studio Solution File, Format Version 12.00
# Visual Studio Version 17
VisualStudioVersion = 17.4.33213.308
MinimumVisualStudioVersion = 10.0.40219.1
Project("{FAE04EC0-301F-11D3-BF4B-00C04F79EFBC}") = "ListsMoreExercise", "ListsMoreExercise\ListsMoreExercise.csproj", "{713FB48A-C897-4CBD-9C48-C5F4A5F837C1}"
EndProject
Project("{FAE04EC0-301F-11D3-BF4B-00C04F79EFBC}") = "2.CarRace", "2.CarRace\2.CarRace.csproj", "{FBD949A7-6EDB-4E7C-900A-7D80130D5E2D}"
EndProject
Project("{FAE04EC0-301F-11D3-BF4B-00C04F79EFBC}") = "3.TakeSkipRope", "3.TakeSkipRope\3.TakeSkipRope.csproj", "{428AEB05-C7A5-4BD5-8F38-8BE852BBD3DA}"
EndProject
Project("{FAE04EC0-301F-11D3-BF4B-00C04F79EFBC}") = "04.MixedupLists", "04.MixedupLists\04.MixedupLists.csproj", "{EFD54A4B-2EF4-495D-875C-65AD2CD172C3}"
EndProject
Project("{FAE04EC0-301F-11D3-BF4B-00C04F79EFBC}") = "05.DrumSet", "05.DrumSet\05.DrumSet.csproj", "{AB9AAD22-DAD8-4953-B068-4A37B66DEE97}"
EndProject
Global
	GlobalSection(SolutionConfigurationPlatforms) = preSolution
		Debug|Any CPU = Debug|Any CPU
		Release|Any CPU = Release|Any CPU
	EndGlobalSection
	GlobalSection(ProjectConfigurationPlatforms) = postSolution
		{713FB48A-C897-4CBD-9C48-C5F4A5F837C1}.Debug|Any CPU.ActiveCfg = Debug|Any CPU
		{713FB48A-C897-4CBD-9C48-C5F4A5F837C1}.Debug|Any CPU.Build.0 = Debug|Any CPU
		{713FB48A-C897-4CBD-9C48-C5F4A5F837C1}.Release|Any CPU.ActiveCfg = Release|Any CPU
		{713FB48A-C897-4CBD-9C48-C5F4A5F837C1}.Release|Any CPU.Build.0 = Release|Any CPU
		{FBD949A7-6EDB-4E7C-900A-7D80130D5E2D}.Debug|Any CPU.ActiveCfg = Debug|Any CPU
		{FBD949A7-6EDB-4E7C-900A-7D80130D5E2D}.Debug|Any CPU.Build.0 = Debug|Any CPU
		{FBD949A7-6EDB-4E7C-900A-7D80130D5E2D}.Release|Any CPU.ActiveCfg = Release|Any CPU
		{FBD949A7-6EDB-4E7C-900A-7D80130D5E2D}.Release|Any CPU.Build.0 = Release|Any CPU
		{428AEB05-C7A5-4BD5-8F38-8BE852BBD3DA}.Debug|Any CPU.ActiveCfg = Debug|Any CPU
		{428AEB05-C7A5-4BD5-8F38-8BE852BBD3DA}.Debug|Any CPU.Build.0 = Debug|Any CPU
		{428AEB05-C7A5-4BD5-8F38-8BE852BBD3DA}.Release|Any CPU.ActiveCfg = Release|Any CPU
		{428AEB05-C7A5-4BD5-8F38-8BE852BBD3DA}.Release|Any CPU.Build.0 = Release|Any CPU
		{EFD54A4B-2EF4-495D-875C-65AD2CD172C3}.Debug|Any CPU.ActiveCfg = Debug|Any CPU
		{EFD54A4B-2EF4-495D-875C-65AD2CD172C3}.Debug|Any CPU.Build.0 = Debug|Any CPU
		{EFD54A4B-2EF4-495D-875C-65AD2CD172C3}.Release|Any CPU.ActiveCfg = Release|Any CPU
		{EFD54A4B-2EF4-495D-875C-65AD2CD172C3}.Release|Any CPU.Build.0 = Release|Any CPU
		{AB9AAD22-DAD8-4953-B068-4A37B66DEE97}.Debug|Any CPU.ActiveCfg = Debug|Any CPU
		{AB9AAD22-DAD8-4953-B068-4A37B66DEE97}.Debug|Any CPU.Build.0 = Debug|Any CPU
		{AB9AAD22-DAD8-4953-B068-4A37B66DEE97}.Release|Any CPU.ActiveCfg = Release|Any CPU
		{AB9AAD22-DAD8-4953-B068-4A37B66DEE97}.Release|Any CPU.Build.0 = Release|Any CPU
	EndGlobalSection
	GlobalSection(SolutionProperties) = preSolution
		HideSolutionNode = FALSE
	EndGlobalSection
	GlobalSection(ExtensibilityGlobals) = postSolution
		SolutionGuid = {5A3F6F45-3AB4-4397-8822-4B35CCBCC4AE}
	EndGlobalSection
EndGlobal
